{
  "name": "kase",
  "version": "3.2.5",
  "lockfileVersion": 3,
  "requires": true,
  "packages": {
    "": {
      "name": "kase",
      "version": "3.2.5",
      "workspaces": [
        "packages/kase-core",
        "packages/kase-core-test",
        "packages/kase-either",
        "packages/kase-either-test",
        "packages/kase-optional",
        "packages/kase-optional-test",
        "packages/kase-possible",
        "packages/kase-possible-test",
        "packages_imported/kommander-core/3.2.5",
        "packages_imported/kotlinx-interoperable-exports/3.2.5"
      ],
      "devDependencies": {}
    },
    "node_modules/kase-core": {
      "resolved": "packages/kase-core",
      "link": true
    },
    "node_modules/kase-core-test": {
      "resolved": "packages/kase-core-test",
      "link": true
    },
    "node_modules/kase-either": {
      "resolved": "packages/kase-either",
      "link": true
    },
    "node_modules/kase-either-test": {
      "resolved": "packages/kase-either-test",
      "link": true
    },
    "node_modules/kase-optional": {
      "resolved": "packages/kase-optional",
      "link": true
    },
    "node_modules/kase-optional-test": {
      "resolved": "packages/kase-optional-test",
      "link": true
    },
    "node_modules/kase-possible": {
      "resolved": "packages/kase-possible",
      "link": true
    },
    "node_modules/kase-possible-test": {
      "resolved": "packages/kase-possible-test",
      "link": true
    },
    "node_modules/kommander-core": {
      "resolved": "packages_imported/kommander-core/3.2.5",
      "link": true
    },
    "node_modules/kotlinx-interoperable-exports": {
      "resolved": "packages_imported/kotlinx-interoperable-exports/3.2.5",
      "link": true
    },
    "packages_imported/kollections-primitive/3.1.14": {
      "name": "kollections-primitive",
      "version": "3.1.14",
      "extraneous": true,
      "devDependencies": {}
    },
    "packages_imported/kommander-core/3.1.14": {
      "name": "kommander-core",
      "version": "3.1.14",
      "extraneous": true,
      "devDependencies": {}
    },
    "packages_imported/kommander-core/3.2.5": {
      "name": "kommander-core",
      "version": "3.2.5",
      "devDependencies": {}
    },
    "packages_imported/kotlinx-interoperable-exports/3.1.14": {
      "name": "kotlinx-interoperable-exports",
      "version": "3.1.14",
      "extraneous": true,
      "devDependencies": {}
    },
    "packages_imported/kotlinx-interoperable-exports/3.2.5": {
      "name": "kotlinx-interoperable-exports",
      "version": "3.2.5",
      "devDependencies": {}
    },
    "packages/kase-core": {
      "version": "3.2.5",
      "devDependencies": {}
    },
    "packages/kase-core-test": {
      "version": "3.2.5",
      "devDependencies": {}
    },
    "packages/kase-either": {
      "version": "3.2.5",
      "devDependencies": {}
    },
    "packages/kase-either-test": {
      "version": "3.2.5",
      "devDependencies": {}
    },
    "packages/kase-optional": {
      "version": "3.2.5",
      "devDependencies": {}
    },
    "packages/kase-optional-test": {
      "version": "3.2.5",
      "devDependencies": {}
    },
    "packages/kase-outcome": {
      "version": "3.2.5",
      "extraneous": true,
      "devDependencies": {}
    },
    "packages/kase-outcome-test": {
      "version": "3.2.5",
      "extraneous": true,
      "devDependencies": {}
    },
    "packages/kase-possible": {
      "version": "3.2.5",
      "devDependencies": {}
    },
    "packages/kase-possible-test": {
      "version": "3.2.5",
      "devDependencies": {}
    }
  }
}
